// !$*UTF8*$!
{
	archiveVersion = 1;
	classes = {
	};
	objectVersion = 50;
	objects = {

/* Begin PBXBuildFile section */
		8C17AA5D2343595900E5F3EB /* AppDelegate.swift in Sources */ = {isa = PBXBuildFile; fileRef = 8C17AA5C2343595900E5F3EB /* AppDelegate.swift */; };
		8C17AA5F2343595900E5F3EB /* SceneDelegate.swift in Sources */ = {isa = PBXBuildFile; fileRef = 8C17AA5E2343595900E5F3EB /* SceneDelegate.swift */; };
		8C17AA622343595900E5F3EB /* CollectionView.xcdatamodeld in Sources */ = {isa = PBXBuildFile; fileRef = 8C17AA602343595900E5F3EB /* CollectionView.xcdatamodeld */; };
		8C17AA642343595900E5F3EB /* ContentView.swift in Sources */ = {isa = PBXBuildFile; fileRef = 8C17AA632343595900E5F3EB /* ContentView.swift */; };
		8C17AA662343596200E5F3EB /* Assets.xcassets in Resources */ = {isa = PBXBuildFile; fileRef = 8C17AA652343596200E5F3EB /* Assets.xcassets */; };
		8C17AA692343596200E5F3EB /* Preview Assets.xcassets in Resources */ = {isa = PBXBuildFile; fileRef = 8C17AA682343596200E5F3EB /* Preview Assets.xcassets */; };
		8C17AA6C2343596200E5F3EB /* LaunchScreen.storyboard in Resources */ = {isa = PBXBuildFile; fileRef = 8C17AA6A2343596200E5F3EB /* LaunchScreen.storyboard */; };
		8C17AA772343596300E5F3EB /* CollectionViewTests.swift in Sources */ = {isa = PBXBuildFile; fileRef = 8C17AA762343596300E5F3EB /* CollectionViewTests.swift */; };
/* End PBXBuildFile section */

/* Begin PBXContainerItemProxy section */
		8C17AA732343596300E5F3EB /* PBXContainerItemProxy */ = {
			isa = PBXContainerItemProxy;
			containerPortal = 8C17AA512343595800E5F3EB /* Project object */;
			proxyType = 1;
			remoteGlobalIDString = 8C17AA582343595900E5F3EB;
			remoteInfo = CollectionView;
		};
/* End PBXContainerItemProxy section */

/* Begin PBXFileReference section */
		8C17AA592343595900E5F3EB /* CollectionView.app */ = {isa = PBXFileReference; explicitFileType = wrapper.application; includeInIndex = 0; path = CollectionView.app; sourceTree = BUILT_PRODUCTS_DIR; };
		8C17AA5C2343595900E5F3EB /* AppDelegate.swift */ = {isa = PBXFileReference; lastKnownFileType = sourcecode.swift; path = AppDelegate.swift; sourceTree = "<group>"; };
		8C17AA5E2343595900E5F3EB /* SceneDelegate.swift */ = {isa = PBXFileReference; lastKnownFileType = sourcecode.swift; path = SceneDelegate.swift; sourceTree = "<group>"; };
		8C17AA612343595900E5F3EB /* CollectionView.xcdatamodel */ = {isa = PBXFileReference; lastKnownFileType = wrapper.xcdatamodel; path = CollectionView.xcdatamodel; sourceTree = "<group>"; };
		8C17AA632343595900E5F3EB /* ContentView.swift */ = {isa = PBXFileReference; lastKnownFileType = sourcecode.swift; path = ContentView.swift; sourceTree = "<group>"; };
		8C17AA652343596200E5F3EB /* Assets.xcassets */ = {isa = PBXFileReference; lastKnownFileType = folder.assetcatalog; path = Assets.xcassets; sourceTree = "<group>"; };
		8C17AA682343596200E5F3EB /* Preview Assets.xcassets */ = {isa = PBXFileReference; lastKnownFileType = folder.assetcatalog; path = "Preview Assets.xcassets"; sourceTree = "<group>"; };
		8C17AA6B2343596200E5F3EB /* Base */ = {isa = PBXFileReference; lastKnownFileType = file.storyboard; name = Base; path = Base.lproj/LaunchScreen.storyboard; sourceTree = "<group>"; };
		8C17AA6D2343596200E5F3EB /* Info.plist */ = {isa = PBXFileReference; lastKnownFileType = text.plist.xml; path = Info.plist; sourceTree = "<group>"; };
		8C17AA722343596300E5F3EB /* CollectionViewTests.xctest */ = {isa = PBXFileReference; explicitFileType = wrapper.cfbundle; includeInIndex = 0; path = CollectionViewTests.xctest; sourceTree = BUILT_PRODUCTS_DIR; };
		8C17AA762343596300E5F3EB /* CollectionViewTests.swift */ = {isa = PBXFileReference; lastKnownFileType = sourcecode.swift; path = CollectionViewTests.swift; sourceTree = "<group>"; };
		8C17AA782343596300E5F3EB /* Info.plist */ = {isa = PBXFileReference; lastKnownFileType = text.plist.xml; path = Info.plist; sourceTree = "<group>"; };
/* End PBXFileReference section */

/* Begin PBXFrameworksBuildPhase section */
		8C17AA562343595900E5F3EB /* Frameworks */ = {
			isa = PBXFrameworksBuildPhase;
			buildActionMask = 2147483647;
			files = (
			);
			runOnlyForDeploymentPostprocessing = 0;
		};
		8C17AA6F2343596300E5F3EB /* Frameworks */ = {
			isa = PBXFrameworksBuildPhase;
			buildActionMask = 2147483647;
			files = (
			);
			runOnlyForDeploymentPostprocessing = 0;
		};
/* End PBXFrameworksBuildPhase section */

/* Begin PBXGroup section */
		8C17AA502343595800E5F3EB = {
			isa = PBXGroup;
			children = (
				8C17AA5B2343595900E5F3EB /* CollectionView */,
				8C17AA752343596300E5F3EB /* CollectionViewTests */,
				8C17AA5A2343595900E5F3EB /* Products */,
			);
			sourceTree = "<group>";
		};
		8C17AA5A2343595900E5F3EB /* Products */ = {
			isa = PBXGroup;
			children = (
				8C17AA592343595900E5F3EB /* CollectionView.app */,
				8C17AA722343596300E5F3EB /* CollectionViewTests.xctest */,
			);
			name = Products;
			sourceTree = "<group>";
		};
		8C17AA5B2343595900E5F3EB /* CollectionView */ = {
			isa = PBXGroup;
			children = (
				8C17AA5C2343595900E5F3EB /* AppDelegate.swift */,
				8C17AA5E2343595900E5F3EB /* SceneDelegate.swift */,
				8C17AA632343595900E5F3EB /* ContentView.swift */,
				8C17AA652343596200E5F3EB /* Assets.xcassets */,
				8C17AA6A2343596200E5F3EB /* LaunchScreen.storyboard */,
				8C17AA6D2343596200E5F3EB /* Info.plist */,
				8C17AA602343595900E5F3EB /* CollectionView.xcdatamodeld */,
				8C17AA672343596200E5F3EB /* Preview Content */,
			);
			path = CollectionView;
			sourceTree = "<group>";
		};
		8C17AA672343596200E5F3EB /* Preview Content */ = {
			isa = PBXGroup;
			children = (
				8C17AA682343596200E5F3EB /* Preview Assets.xcassets */,
			);
			path = "Preview Content";
			sourceTree = "<group>";
		};
		8C17AA752343596300E5F3EB /* CollectionViewTests */ = {
			isa = PBXGroup;
			children = (
				8C17AA762343596300E5F3EB /* CollectionViewTests.swift */,
				8C17AA782343596300E5F3EB /* Info.plist */,
			);
			path = CollectionViewTests;
			sourceTree = "<group>";
		};
/* End PBXGroup section */

/* Begin PBXNativeTarget section */
		8C17AA582343595900E5F3EB /* CollectionView */ = {
			isa = PBXNativeTarget;
			buildConfigurationList = 8C17AA7B2343596300E5F3EB /* Build configuration list for PBXNativeTarget "CollectionView" */;
			buildPhases = (
				8C17AA552343595900E5F3EB /* Sources */,
				8C17AA562343595900E5F3EB /* Frameworks */,
				8C17AA572343595900E5F3EB /* Resources */,
			);
			buildRules = (
			);
			dependencies = (
			);
			name = CollectionView;
			productName = CollectionView;
			productReference = 8C17AA592343595900E5F3EB /* CollectionView.app */;
			productType = "com.apple.product-type.application";
		};
		8C17AA712343596300E5F3EB /* CollectionViewTests */ = {
			isa = PBXNativeTarget;
			buildConfigurationList = 8C17AA7E2343596300E5F3EB /* Build configuration list for PBXNativeTarget "CollectionViewTests" */;
			buildPhases = (
				8C17AA6E2343596300E5F3EB /* Sources */,
				8C17AA6F2343596300E5F3EB /* Frameworks */,
				8C17AA702343596300E5F3EB /* Resources */,
			);
			buildRules = (
			);
			dependencies = (
				8C17AA742343596300E5F3EB /* PBXTargetDependency */,
			);
			name = CollectionViewTests;
			productName = CollectionViewTests;
			productReference = 8C17AA722343596300E5F3EB /* CollectionViewTests.xctest */;
			productType = "com.apple.product-type.bundle.unit-test";
		};
/* End PBXNativeTarget section */

/* Begin PBXProject section */
		8C17AA512343595800E5F3EB /* Project object */ = {
			isa = PBXProject;
			attributes = {
				LastSwiftUpdateCheck = 1100;
				LastUpgradeCheck = 1100;
				ORGANIZATIONNAME = "Ricardo Alves";
				TargetAttributes = {
					8C17AA582343595900E5F3EB = {
						CreatedOnToolsVersion = 11.0;
					};
					8C17AA712343596300E5F3EB = {
						CreatedOnToolsVersion = 11.0;
						TestTargetID = 8C17AA582343595900E5F3EB;
					};
				};
			};
			buildConfigurationList = 8C17AA542343595900E5F3EB /* Build configuration list for PBXProject "CollectionView" */;
			compatibilityVersion = "Xcode 9.3";
			developmentRegion = en;
			hasScannedForEncodings = 0;
			knownRegions = (
				en,
				Base,
			);
			mainGroup = 8C17AA502343595800E5F3EB;
			productRefGroup = 8C17AA5A2343595900E5F3EB /* Products */;
			projectDirPath = "";
			projectRoot = "";
			targets = (
				8C17AA582343595900E5F3EB /* CollectionView */,
				8C17AA712343596300E5F3EB /* CollectionViewTests */,
			);
		};
/* End PBXProject section */

/* Begin PBXResourcesBuildPhase section */
		8C17AA572343595900E5F3EB /* Resources */ = {
			isa = PBXResourcesBuildPhase;
			buildActionMask = 2147483647;
			files = (
				8C17AA6C2343596200E5F3EB /* LaunchScreen.storyboard in Resources */,
				8C17AA692343596200E5F3EB /* Preview Assets.xcassets in Resources */,
				8C17AA662343596200E5F3EB /* Assets.xcassets in Resources */,
			);
			runOnlyForDeploymentPostprocessing = 0;
		};
		8C17AA702343596300E5F3EB /* Resources */ = {
			isa = PBXResourcesBuildPhase;
			buildActionMask = 2147483647;
			files = (
			);
			runOnlyForDeploymentPostprocessing = 0;
		};
/* End PBXResourcesBuildPhase section */

/* Begin PBXSourcesBuildPhase section */
		8C17AA552343595900E5F3EB /* Sources */ = {
			isa = PBXSourcesBuildPhase;
			buildActionMask = 2147483647;
			files = (
				8C17AA622343595900E5F3EB /* CollectionView.xcdatamodeld in Sources */,
				8C17AA5D2343595900E5F3EB /* AppDelegate.swift in Sources */,
				8C17AA642343595900E5F3EB /* ContentView.swift in Sources */,
				8C17AA5F2343595900E5F3EB /* SceneDelegate.swift in Sources */,
			);
			runOnlyForDeploymentPostprocessing = 0;
		};
		8C17AA6E2343596300E5F3EB /* Sources */ = {
			isa = PBXSourcesBuildPhase;
			buildActionMask = 2147483647;
			files = (
				8C17AA772343596300E5F3EB /* CollectionViewTests.swift in Sources */,
			);
			runOnlyForDeploymentPostprocessing = 0;
		};
/* End PBXSourcesBuildPhase section */

/* Begin PBXTargetDependency section */
		8C17AA742343596300E5F3EB /* PBXTargetDependency */ = {
			isa = PBXTargetDependency;
			target = 8C17AA582343595900E5F3EB /* CollectionView */;
			targetProxy = 8C17AA732343596300E5F3EB /* PBXContainerItemProxy */;
		};
/* End PBXTargetDependency section */

/* Begin PBXVariantGroup section */
		8C17AA6A2343596200E5F3EB /* LaunchScreen.storyboard */ = {
			isa = PBXVariantGroup;
			children = (
				8C17AA6B2343596200E5F3EB /* Base */,
			);
			name = LaunchScreen.storyboard;
			sourceTree = "<group>";
		};
/* End PBXVariantGroup section */

/* Begin XCBuildConfiguration section */
		8C17AA792343596300E5F3EB /* Debug */ = {
			isa = XCBuildConfiguration;
			buildSettings = {
				ALWAYS_SEARCH_USER_PATHS = NO;
				CLANG_ANALYZER_NONNULL = YES;
				CLANG_ANALYZER_NUMBER_OBJECT_CONVERSION = YES_AGGRESSIVE;
				CLANG_CXX_LANGUAGE_STANDARD = "gnu++14";
				CLANG_CXX_LIBRARY = "libc++";
				CLANG_ENABLE_MODULES = YES;
				CLANG_ENABLE_OBJC_ARC = YES;
				CLANG_ENABLE_OBJC_WEAK = YES;
				CLANG_WARN_BLOCK_CAPTURE_AUTORELEASING = YES;
				CLANG_WARN_BOOL_CONVERSION = YES;
				CLANG_WARN_COMMA = YES;
				CLANG_WARN_CONSTANT_CONVERSION = YES;
				CLANG_WARN_DEPRECATED_OBJC_IMPLEMENTATIONS = YES;
				CLANG_WARN_DIRECT_OBJC_ISA_USAGE = YES_ERROR;
				CLANG_WARN_DOCUMENTATION_COMMENTS = YES;
				CLANG_WARN_EMPTY_BODY = YES;
				CLANG_WARN_ENUM_CONVERSION = YES;
				CLANG_WARN_INFINITE_RECURSION = YES;
				CLANG_WARN_INT_CONVERSION = YES;
				CLANG_WARN_NON_LITERAL_NULL_CONVERSION = YES;
				CLANG_WARN_OBJC_IMPLICIT_RETAIN_SELF = YES;
				CLANG_WARN_OBJC_LITERAL_CONVERSION = YES;
				CLANG_WARN_OBJC_ROOT_CLASS = YES_ERROR;
				CLANG_WARN_RANGE_LOOP_ANALYSIS = YES;
				CLANG_WARN_STRICT_PROTOTYPES = YES;
				CLANG_WARN_SUSPICIOUS_MOVE = YES;
				CLANG_WARN_UNGUARDED_AVAILABILITY = YES_AGGRESSIVE;
				CLANG_WARN_UNREACHABLE_CODE = YES;
				CLANG_WARN__DUPLICATE_METHOD_MATCH = YES;
				COPY_PHASE_STRIP = NO;
				DEBUG_INFORMATION_FORMAT = dwarf;
				ENABLE_STRICT_OBJC_MSGSEND = YES;
				ENABLE_TESTABILITY = YES;
				GCC_C_LANGUAGE_STANDARD = gnu11;
				GCC_DYNAMIC_NO_PIC = NO;
				GCC_NO_COMMON_BLOCKS = YES;
				GCC_OPTIMIZATION_LEVEL = 0;
				GCC_PREPROCESSOR_DEFINITIONS = (
					"DEBUG=1",
					"$(inherited)",
				);
				GCC_WARN_64_TO_32_BIT_CONVERSION = YES;
				GCC_WARN_ABOUT_RETURN_TYPE = YES_ERROR;
				GCC_WARN_UNDECLARED_SELECTOR = YES;
				GCC_WARN_UNINITIALIZED_AUTOS = YES_AGGRESSIVE;
				GCC_WARN_UNUSED_FUNCTION = YES;
				GCC_WARN_UNUSED_VARIABLE = YES;
				IPHONEOS_DEPLOYMENT_TARGET = 13.0;
				MTL_ENABLE_DEBUG_INFO = INCLUDE_SOURCE;
				MTL_FAST_MATH = YES;
				ONLY_ACTIVE_ARCH = YES;
				SDKROOT = iphoneos;
				SWIFT_ACTIVE_COMPILATION_CONDITIONS = DEBUG;
				SWIFT_OPTIMIZATION_LEVEL = "-Onone";
			};
			name = Debug;
		};
		8C17AA7A2343596300E5F3EB /* Release */ = {
			isa = XCBuildConfiguration;
			buildSettings = {
				ALWAYS_SEARCH_USER_PATHS = NO;
				CLANG_ANALYZER_NONNULL = YES;
				CLANG_ANALYZER_NUMBER_OBJECT_CONVERSION = YES_AGGRESSIVE;
				CLANG_CXX_LANGUAGE_STANDARD = "gnu++14";
				CLANG_CXX_LIBRARY = "libc++";
				CLANG_ENABLE_MODULES = YES;
				CLANG_ENABLE_OBJC_ARC = YES;
				CLANG_ENABLE_OBJC_WEAK = YES;
				CLANG_WARN_BLOCK_CAPTURE_AUTORELEASING = YES;
				CLANG_WARN_BOOL_CONVERSION = YES;
				CLANG_WARN_COMMA = YES;
				CLANG_WARN_CONSTANT_CONVERSION = YES;
				CLANG_WARN_DEPRECATED_OBJC_IMPLEMENTATIONS = YES;
				CLANG_WARN_DIRECT_OBJC_ISA_USAGE = YES_ERROR;
				CLANG_WARN_DOCUMENTATION_COMMENTS = YES;
				CLANG_WARN_EMPTY_BODY = YES;
				CLANG_WARN_ENUM_CONVERSION = YES;
				CLANG_WARN_INFINITE_RECURSION = YES;
				CLANG_WARN_INT_CONVERSION = YES;
				CLANG_WARN_NON_LITERAL_NULL_CONVERSION = YES;
				CLANG_WARN_OBJC_IMPLICIT_RETAIN_SELF = YES;
				CLANG_WARN_OBJC_LITERAL_CONVERSION = YES;
				CLANG_WARN_OBJC_ROOT_CLASS = YES_ERROR;
				CLANG_WARN_RANGE_LOOP_ANALYSIS = YES;
				CLANG_WARN_STRICT_PROTOTYPES = YES;
				CLANG_WARN_SUSPICIOUS_MOVE = YES;
				CLANG_WARN_UNGUARDED_AVAILABILITY = YES_AGGRESSIVE;
				CLANG_WARN_UNREACHABLE_CODE = YES;
				CLANG_WARN__DUPLICATE_METHOD_MATCH = YES;
				COPY_PHASE_STRIP = NO;
				DEBUG_INFORMATION_FORMAT = "dwarf-with-dsym";
				ENABLE_NS_ASSERTIONS = NO;
				ENABLE_STRICT_OBJC_MSGSEND = YES;
				GCC_C_LANGUAGE_STANDARD = gnu11;
				GCC_NO_COMMON_BLOCKS = YES;
				GCC_WARN_64_TO_32_BIT_CONVERSION = YES;
				GCC_WARN_ABOUT_RETURN_TYPE = YES_ERROR;
				GCC_WARN_UNDECLARED_SELECTOR = YES;
				GCC_WARN_UNINITIALIZED_AUTOS = YES_AGGRESSIVE;
				GCC_WARN_UNUSED_FUNCTION = YES;
				GCC_WARN_UNUSED_VARIABLE = YES;
				IPHONEOS_DEPLOYMENT_TARGET = 13.0;
				MTL_ENABLE_DEBUG_INFO = NO;
				MTL_FAST_MATH = YES;
				SDKROOT = iphoneos;
				SWIFT_COMPILATION_MODE = wholemodule;
				SWIFT_OPTIMIZATION_LEVEL = "-O";
				VALIDATE_PRODUCT = YES;
			};
			name = Release;
		};
		8C17AA7C2343596300E5F3EB /* Debug */ = {
			isa = XCBuildConfiguration;
			buildSettings = {
				ASSETCATALOG_COMPILER_APPICON_NAME = AppIcon;
				CODE_SIGN_STYLE = Automatic;
				DEVELOPMENT_ASSET_PATHS = "\"CollectionView/Preview Content\"";
				DEVELOPMENT_TEAM = X2L2E5KL48;
				ENABLE_PREVIEWS = YES;
				INFOPLIST_FILE = CollectionView/Info.plist;
				LD_RUNPATH_SEARCH_PATHS = (
					"$(inherited)",
					"@executable_path/Frameworks",
				);
				PRODUCT_BUNDLE_IDENTIFIER = ricardoAlves.CollectionView;
				PRODUCT_NAME = "$(TARGET_NAME)";
				SWIFT_VERSION = 5.0;
				TARGETED_DEVICE_FAMILY = "1,2";
			};
			name = Debug;
		};
		8C17AA7D2343596300E5F3EB /* Release */ = {
			isa = XCBuildConfiguration;
			buildSettings = {
				ASSETCATALOG_COMPILER_APPICON_NAME = AppIcon;
				CODE_SIGN_STYLE = Automatic;
				DEVELOPMENT_ASSET_PATHS = "\"CollectionView/Preview Content\"";
				DEVELOPMENT_TEAM = X2L2E5KL48;
				ENABLE_PREVIEWS = YES;
				INFOPLIST_FILE = CollectionView/Info.plist;
				LD_RUNPATH_SEARCH_PATHS = (
					"$(inherited)",
					"@executable_path/Frameworks",
				);
				PRODUCT_BUNDLE_IDENTIFIER = ricardoAlves.CollectionView;
				PRODUCT_NAME = "$(TARGET_NAME)";
				SWIFT_VERSION = 5.0;
				TARGETED_DEVICE_FAMILY = "1,2";
			};
			name = Release;
		};
		8C17AA7F2343596300E5F3EB /* Debug */ = {
			isa = XCBuildConfiguration;
			buildSettings = {
				ALWAYS_EMBED_SWIFT_STANDARD_LIBRARIES = YES;
				BUNDLE_LOADER = "$(TEST_HOST)";
				CODE_SIGN_STYLE = Automatic;
				DEVELOPMENT_TEAM = X2L2E5KL48;
				INFOPLIST_FILE = CollectionViewTests/Info.plist;
				IPHONEOS_DEPLOYMENT_TARGET = 13.0;
				LD_RUNPATH_SEARCH_PATHS = (
					"$(inherited)",
					"@executable_path/Frameworks",
					"@loader_path/Frameworks",
				);
				PRODUCT_BUNDLE_IDENTIFIER = ricardoAlves.CollectionViewTests;
				PRODUCT_NAME = "$(TARGET_NAME)";
				SWIFT_VERSION = 5.0;
				TARGETED_DEVICE_FAMILY = "1,2";
				TEST_HOST = "$(BUILT_PRODUCTS_DIR)/CollectionView.app/CollectionView";
			};
			name = Debug;
		};
		8C17AA802343596300E5F3EB /* Release */ = {
			isa = XCBuildConfiguration;
			buildSettings = {
				ALWAYS_EMBED_SWIFT_STANDARD_LIBRARIES = YES;
				BUNDLE_LOADER = "$(TEST_HOST)";
				CODE_SIGN_STYLE = Automatic;
				DEVELOPMENT_TEAM = X2L2E5KL48;
				INFOPLIST_FILE = CollectionViewTests/Info.plist;
				IPHONEOS_DEPLOYMENT_TARGET = 13.0;
				LD_RUNPATH_SEARCH_PATHS = (
					"$(inherited)",
					"@executable_path/Frameworks",
					"@loader_path/Frameworks",
				);
				PRODUCT_BUNDLE_IDENTIFIER = ricardoAlves.CollectionViewTests;
				PRODUCT_NAME = "$(TARGET_NAME)";
				SWIFT_VERSION = 5.0;
				TARGETED_DEVICE_FAMILY = "1,2";
				TEST_HOST = "$(BUILT_PRODUCTS_DIR)/CollectionView.app/CollectionView";
			};
			name = Release;
		};
/* End XCBuildConfiguration section */

/* Begin XCConfigurationList section */
		8C17AA542343595900E5F3EB /* Build configuration list for PBXProject "CollectionView" */ = {
			isa = XCConfigurationList;
			buildConfigurations = (
				8C17AA792343596300E5F3EB /* Debug */,
				8C17AA7A2343596300E5F3EB /* Release */,
			);
			defaultConfigurationIsVisible = 0;
			defaultConfigurationName = Release;
		};
		8C17AA7B2343596300E5F3EB /* Build configuration list for PBXNativeTarget "CollectionView" */ = {
			isa = XCConfigurationList;
			buildConfigurations = (
				8C17AA7C2343596300E5F3EB /* Debug */,
				8C17AA7D2343596300E5F3EB /* Release */,
			);
			defaultConfigurationIsVisible = 0;
			defaultConfigurationName = Release;
		};
		8C17AA7E2343596300E5F3EB /* Build configuration list for PBXNativeTarget "CollectionViewTests" */ = {
			isa = XCConfigurationList;
			buildConfigurations = (
				8C17AA7F2343596300E5F3EB /* Debug */,
				8C17AA802343596300E5F3EB /* Release */,
			);
			defaultConfigurationIsVisible = 0;
			defaultConfigurationName = Release;
		};
/* End XCConfigurationList section */

/* Begin XCVersionGroup section */
		8C17AA602343595900E5F3EB /* CollectionView.xcdatamodeld */ = {
			isa = XCVersionGroup;
			children = (
				8C17AA612343595900E5F3EB /* CollectionView.xcdatamodel */,
			);
			currentVersion = 8C17AA612343595900E5F3EB /* CollectionView.xcdatamodel */;
			path = CollectionView.xcdatamodeld;
			sourceTree = "<group>";
			versionGroupType = wrapper.xcdatamodel;
		};
/* End XCVersionGroup section */
	};
	rootObject = 8C17AA512343595800E5F3EB /* Project object */;
}
